Microsoft Visual Studio Solution File, Format Version 12.00
# Visual Studio Version 17
VisualStudioVersion = 17.5.2.0
MinimumVisualStudioVersion = 10.0.40219.1
Project("{FAE04EC0-301F-11D3-BF4B-00C04F79EFBC}") = "SemanticKernelPluginDemo", "SemanticKernelPluginDemo\SemanticKernelPluginDemo.csproj", "{69C00BCD-F9B6-2BC2-D1AC-8AB3791D6073}"
EndProject
Global
	GlobalSection(SolutionConfigurationPlatforms) = preSolution
		Debug|Any CPU = Debug|Any CPU
		Release|Any CPU = Release|Any CPU
	EndGlobalSection
	GlobalSection(ProjectConfigurationPlatforms) = postSolution
		{69C00BCD-F9B6-2BC2-D1AC-8AB3791D6073}.Debug|Any CPU.ActiveCfg = Debug|Any CPU
		{69C00BCD-F9B6-2BC2-D1AC-8AB3791D6073}.Debug|Any CPU.Build.0 = Debug|Any CPU
		{69C00BCD-F9B6-2BC2-D1AC-8AB3791D6073}.Release|Any CPU.ActiveCfg = Release|Any CPU
		{69C00BCD-F9B6-2BC2-D1AC-8AB3791D6073}.Release|Any CPU.Build.0 = Release|Any CPU
	EndGlobalSection
	GlobalSection(SolutionProperties) = preSolution
		HideSolutionNode = FALSE
	EndGlobalSection
	GlobalSection(ExtensibilityGlobals) = postSolution
		SolutionGuid = {5D32E90C-0F29-4B9F-9C95-844641686A9E}
	EndGlobalSection
EndGlobal
